
Microsoft Visual Studio Solution File, Format Version 12.00
# Visual Studio 15
VisualStudioVersion = 15.0.28307.271
MinimumVisualStudioVersion = 10.0.40219.1
Project("{151D2E53-A2C4-4D7D-83FE-D05416EBD58E}") = "AzureResourceGroup1", "AzureResourceGroup1\AzureResourceGroup1.deployproj", "{B7BA9D05-008F-4AE9-9F81-4F28E62137A6}"
EndProject
Global
	GlobalSection(SolutionConfigurationPlatforms) = preSolution
		Debug|Any CPU = Debug|Any CPU
		Release|Any CPU = Release|Any CPU
	EndGlobalSection
	GlobalSection(ProjectConfigurationPlatforms) = postSolution
		{B7BA9D05-008F-4AE9-9F81-4F28E62137A6}.Debug|Any CPU.ActiveCfg = Debug|Any CPU
		{B7BA9D05-008F-4AE9-9F81-4F28E62137A6}.Debug|Any CPU.Build.0 = Debug|Any CPU
		{B7BA9D05-008F-4AE9-9F81-4F28E62137A6}.Release|Any CPU.ActiveCfg = Release|Any CPU
		{B7BA9D05-008F-4AE9-9F81-4F28E62137A6}.Release|Any CPU.Build.0 = Release|Any CPU
	EndGlobalSection
	GlobalSection(SolutionProperties) = preSolution
		HideSolutionNode = FALSE
	EndGlobalSection
	GlobalSection(ExtensibilityGlobals) = postSolution
		SolutionGuid = {10D8FD8E-D3A2-49F8-A0D0-B8621E2652A1}
	EndGlobalSection
EndGlobal
